
Microsoft Visual Studio Solution File, Format Version 12.00
# Visual Studio Version 16
VisualStudioVersion = 16.0.30011.22
MinimumVisualStudioVersion = 10.0.40219.1
Project("{FAE04EC0-301F-11D3-BF4B-00C04F79EFBC}") = "Address Manager", "Address Manager\Address Manager.csproj", "{8AEBD4C8-B168-4B17-AB94-C0E57D347FFA}"
EndProject
Global
	GlobalSection(SolutionConfigurationPlatforms) = preSolution
		Debug|Any CPU = Debug|Any CPU
		Release|Any CPU = Release|Any CPU
	EndGlobalSection
	GlobalSection(ProjectConfigurationPlatforms) = postSolution
		{8AEBD4C8-B168-4B17-AB94-C0E57D347FFA}.Debug|Any CPU.ActiveCfg = Debug|Any CPU
		{8AEBD4C8-B168-4B17-AB94-C0E57D347FFA}.Debug|Any CPU.Build.0 = Debug|Any CPU
		{8AEBD4C8-B168-4B17-AB94-C0E57D347FFA}.Release|Any CPU.ActiveCfg = Release|Any CPU
		{8AEBD4C8-B168-4B17-AB94-C0E57D347FFA}.Release|Any CPU.Build.0 = Release|Any CPU
	EndGlobalSection
	GlobalSection(SolutionProperties) = preSolution
		HideSolutionNode = FALSE
	EndGlobalSection
	GlobalSection(ExtensibilityGlobals) = postSolution
		SolutionGuid = {F409082C-1F4B-4F70-9A6C-54F5A36524AE}
	EndGlobalSection
EndGlobal
